
Microsoft Visual Studio Solution File, Format Version 12.00
# Visual Studio Version 17
VisualStudioVersion = 17.11.35208.52
MinimumVisualStudioVersion = 10.0.40219.1
Project("{FAE04EC0-301F-11D3-BF4B-00C04F79EFBC}") = "Practico3", "Practico3\Practico3.csproj", "{F710A9BB-50B8-4D4C-82B7-D639898C7575}"
EndProject
Global
	GlobalSection(SolutionConfigurationPlatforms) = preSolution
		Debug|Any CPU = Debug|Any CPU
		Release|Any CPU = Release|Any CPU
	EndGlobalSection
	GlobalSection(ProjectConfigurationPlatforms) = postSolution
		{F710A9BB-50B8-4D4C-82B7-D639898C7575}.Debug|Any CPU.ActiveCfg = Debug|Any CPU
		{F710A9BB-50B8-4D4C-82B7-D639898C7575}.Debug|Any CPU.Build.0 = Debug|Any CPU
		{F710A9BB-50B8-4D4C-82B7-D639898C7575}.Release|Any CPU.ActiveCfg = Release|Any CPU
		{F710A9BB-50B8-4D4C-82B7-D639898C7575}.Release|Any CPU.Build.0 = Release|Any CPU
	EndGlobalSection
	GlobalSection(SolutionProperties) = preSolution
		HideSolutionNode = FALSE
	EndGlobalSection
	GlobalSection(ExtensibilityGlobals) = postSolution
		SolutionGuid = {A708DE46-5088-4D77-B12E-221C34D790D7}
	EndGlobalSection
EndGlobal
